
Microsoft Visual Studio Solution File, Format Version 12.00
# Visual Studio 15
VisualStudioVersion = 15.0.26730.15
MinimumVisualStudioVersion = 10.0.40219.1
Project("{FAE04EC0-301F-11D3-BF4B-00C04F79EFBC}") = "API-test", "API-test\API-test.csproj", "{A6479FC2-6951-42F4-84F5-312EFB6EF773}"
EndProject
Global
	GlobalSection(SolutionConfigurationPlatforms) = preSolution
		Debug|Any CPU = Debug|Any CPU
		Release|Any CPU = Release|Any CPU
	EndGlobalSection
	GlobalSection(ProjectConfigurationPlatforms) = postSolution
		{A6479FC2-6951-42F4-84F5-312EFB6EF773}.Debug|Any CPU.ActiveCfg = Debug|Any CPU
		{A6479FC2-6951-42F4-84F5-312EFB6EF773}.Debug|Any CPU.Build.0 = Debug|Any CPU
		{A6479FC2-6951-42F4-84F5-312EFB6EF773}.Release|Any CPU.ActiveCfg = Release|Any CPU
		{A6479FC2-6951-42F4-84F5-312EFB6EF773}.Release|Any CPU.Build.0 = Release|Any CPU
	EndGlobalSection
	GlobalSection(SolutionProperties) = preSolution
		HideSolutionNode = FALSE
	EndGlobalSection
	GlobalSection(ExtensibilityGlobals) = postSolution
		SolutionGuid = {2767497D-5D63-4B3E-8ECF-A43C5DED34E6}
	EndGlobalSection
EndGlobal
